
Microsoft Visual Studio Solution File, Format Version 12.00
# Visual Studio Version 16
VisualStudioVersion = 16.0.31702.278
MinimumVisualStudioVersion = 10.0.40219.1
Project("{FAE04EC0-301F-11D3-BF4B-00C04F79EFBC}") = "Practise_app7", "Practise_app7\Practise_app7.csproj", "{79393430-E3DD-4881-B302-EC31635F6669}"
EndProject
Global
	GlobalSection(SolutionConfigurationPlatforms) = preSolution
		Debug|Any CPU = Debug|Any CPU
		Release|Any CPU = Release|Any CPU
	EndGlobalSection
	GlobalSection(ProjectConfigurationPlatforms) = postSolution
		{79393430-E3DD-4881-B302-EC31635F6669}.Debug|Any CPU.ActiveCfg = Debug|Any CPU
		{79393430-E3DD-4881-B302-EC31635F6669}.Debug|Any CPU.Build.0 = Debug|Any CPU
		{79393430-E3DD-4881-B302-EC31635F6669}.Release|Any CPU.ActiveCfg = Release|Any CPU
		{79393430-E3DD-4881-B302-EC31635F6669}.Release|Any CPU.Build.0 = Release|Any CPU
	EndGlobalSection
	GlobalSection(SolutionProperties) = preSolution
		HideSolutionNode = FALSE
	EndGlobalSection
	GlobalSection(ExtensibilityGlobals) = postSolution
		SolutionGuid = {AAE03C50-3C7F-41A9-AFBA-1922394D6788}
	EndGlobalSection
EndGlobal
