
Microsoft Visual Studio Solution File, Format Version 12.00
# Visual Studio Version 16
VisualStudioVersion = 16.0.31702.278
MinimumVisualStudioVersion = 10.0.40219.1
Project("{FAE04EC0-301F-11D3-BF4B-00C04F79EFBC}") = "Practise_app5", "Practise_app5\Practise_app5.csproj", "{46C63481-F984-46B3-92F8-A479F257A3B2}"
EndProject
Global
	GlobalSection(SolutionConfigurationPlatforms) = preSolution
		Debug|Any CPU = Debug|Any CPU
		Release|Any CPU = Release|Any CPU
	EndGlobalSection
	GlobalSection(ProjectConfigurationPlatforms) = postSolution
		{46C63481-F984-46B3-92F8-A479F257A3B2}.Debug|Any CPU.ActiveCfg = Debug|Any CPU
		{46C63481-F984-46B3-92F8-A479F257A3B2}.Debug|Any CPU.Build.0 = Debug|Any CPU
		{46C63481-F984-46B3-92F8-A479F257A3B2}.Release|Any CPU.ActiveCfg = Release|Any CPU
		{46C63481-F984-46B3-92F8-A479F257A3B2}.Release|Any CPU.Build.0 = Release|Any CPU
	EndGlobalSection
	GlobalSection(SolutionProperties) = preSolution
		HideSolutionNode = FALSE
	EndGlobalSection
	GlobalSection(ExtensibilityGlobals) = postSolution
		SolutionGuid = {F7B29E4A-0C0E-4B3E-B23F-350D2633DCFB}
	EndGlobalSection
EndGlobal
