
Microsoft Visual Studio Solution File, Format Version 12.00
# Visual Studio Version 16
VisualStudioVersion = 16.0.31702.278
MinimumVisualStudioVersion = 10.0.40219.1
Project("{FAE04EC0-301F-11D3-BF4B-00C04F79EFBC}") = "Practise_app2", "Practise_app2\Practise_app2.csproj", "{D1590004-AE6D-43A3-8A96-8C73659ADB29}"
EndProject
Global
	GlobalSection(SolutionConfigurationPlatforms) = preSolution
		Debug|Any CPU = Debug|Any CPU
		Release|Any CPU = Release|Any CPU
	EndGlobalSection
	GlobalSection(ProjectConfigurationPlatforms) = postSolution
		{D1590004-AE6D-43A3-8A96-8C73659ADB29}.Debug|Any CPU.ActiveCfg = Debug|Any CPU
		{D1590004-AE6D-43A3-8A96-8C73659ADB29}.Debug|Any CPU.Build.0 = Debug|Any CPU
		{D1590004-AE6D-43A3-8A96-8C73659ADB29}.Release|Any CPU.ActiveCfg = Release|Any CPU
		{D1590004-AE6D-43A3-8A96-8C73659ADB29}.Release|Any CPU.Build.0 = Release|Any CPU
	EndGlobalSection
	GlobalSection(SolutionProperties) = preSolution
		HideSolutionNode = FALSE
	EndGlobalSection
	GlobalSection(ExtensibilityGlobals) = postSolution
		SolutionGuid = {D99F0937-9D54-4328-8FD9-AE64AB39E610}
	EndGlobalSection
EndGlobal
